
Microsoft Visual Studio Solution File, Format Version 12.00
# Visual Studio Version 17
VisualStudioVersion = 17.6.33723.286
MinimumVisualStudioVersion = 10.0.40219.1
Project("{2150E333-8FDC-42A3-9474-1A3956D46DE8}") = "src", "src", "{06A7A8F7-2B7D-4E5F-9FD9-2B801576A2B5}"
EndProject
Project("{2150E333-8FDC-42A3-9474-1A3956D46DE8}") = "BuildingBlocks", "BuildingBlocks", "{1067A738-17D7-4ECB-A231-84BB8FDFC8AC}"
EndProject
Project("{9A19103F-16F7-4668-BE54-9A1E7A4F7556}") = "Common.Logging", "src\BuildingBlocks\Common.Logging\Common.Logging.csproj", "{B4453FCA-2797-4183-A007-1CC0B713FBAC}"
EndProject
Project("{9A19103F-16F7-4668-BE54-9A1E7A4F7556}") = "Common.OpenTelemetry", "src\BuildingBlocks\Common.OpenTelemetry\Common.OpenTelemetry.csproj", "{51B7922B-C2A1-4984-A8BC-4C66F57D2D80}"
EndProject
Project("{2150E333-8FDC-42A3-9474-1A3956D46DE8}") = "Core", "Core", "{DE317884-DDDF-4E97-A2E2-F8BB3D0985C3}"
EndProject
Project("{2150E333-8FDC-42A3-9474-1A3956D46DE8}") = "Consumers", "Consumers", "{5ED97BA6-A280-44A3-ADCA-790EE4A36FA3}"
EndProject
Project("{2150E333-8FDC-42A3-9474-1A3956D46DE8}") = "Infrastructure", "Infrastructure", "{53865A78-327B-4DFB-9684-BF297B36087A}"
EndProject
Project("{2150E333-8FDC-42A3-9474-1A3956D46DE8}") = "Presentation", "Presentation", "{FB011543-996C-4DE6-A4B3-55EA2309D0C2}"
EndProject
Project("{9A19103F-16F7-4668-BE54-9A1E7A4F7556}") = "MinimalApiCleanArchitecture.Domain", "src\Core\MinimalApiCleanArchitecture.Domain\MinimalApiCleanArchitecture.Domain.csproj", "{9D57B33B-BE65-439F-8D28-5296FCE0A725}"
EndProject
Project("{9A19103F-16F7-4668-BE54-9A1E7A4F7556}") = "MinimalApiCleanArchitecture.Application", "src\Core\MinimalApiCleanArchitecture.Application\MinimalApiCleanArchitecture.Application.csproj", "{90996E6A-7DAF-4D6B-B7D9-00F01E2C5442}"
EndProject
Project("{9A19103F-16F7-4668-BE54-9A1E7A4F7556}") = "MinimalApiCleanArchitecture.Infrastructure", "src\Infrastructure\MinimalApiCleanArchitecture.Infrastructure\MinimalApiCleanArchitecture.Infrastructure.csproj", "{233BE4C3-D593-4FBC-8998-198B35717DE6}"
EndProject
Project("{9A19103F-16F7-4668-BE54-9A1E7A4F7556}") = "MinimalApiCleanArchitecture.Persistence", "src\Infrastructure\MinimalApiCleanArchitecture.Persistence\MinimalApiCleanArchitecture.Persistence.csproj", "{F4E27977-8FEF-4F28-8E16-78F3D62D73F2}"
EndProject
Project("{9A19103F-16F7-4668-BE54-9A1E7A4F7556}") = "MinimalApiCleanArchitecture.MinimalApi", "src\Presentation\MinimalApiCleanArchitecture.MinimalApi\MinimalApiCleanArchitecture.MinimalApi.csproj", "{B5239E4B-E20C-4FF1-A371-EB466418CC52}"
EndProject
Project("{9A19103F-16F7-4668-BE54-9A1E7A4F7556}") = "MinimalApiCleanArchitecture.GrpcService", "src\Presentation\MinimalApiCleanArchitecture.GrpcService\MinimalApiCleanArchitecture.GrpcService.csproj", "{0BDCE23E-6EC9-4C23-A575-15C3CE61918E}"
EndProject
Project("{9A19103F-16F7-4668-BE54-9A1E7A4F7556}") = "MinimalApiCleanArchitecture.LogConsumer", "src\Consumers\MinimalApiCleanArchitecture.LogConsumer\MinimalApiCleanArchitecture.LogConsumer.csproj", "{7E1421ED-FC83-413F-B4D4-5EEFCCCB060C}"
EndProject
Project("{2150E333-8FDC-42A3-9474-1A3956D46DE8}") = "docker-compose", "docker-compose", "{9FE6958F-3CAA-4147-819B-1482D6669FA9}"
	ProjectSection(SolutionItems) = preProject
		docker-compose\.env = docker-compose\.env
		docker-compose\docker-compose.override.yml = docker-compose\docker-compose.override.yml
		docker-compose\docker-compose.yml = docker-compose\docker-compose.yml
	EndProjectSection
EndProject
Project("{2150E333-8FDC-42A3-9474-1A3956D46DE8}") = "elasticsearch", "elasticsearch", "{14A0924E-EBF7-49B8-A0EF-EEE2CF6F3F1D}"
	ProjectSection(SolutionItems) = preProject
		docker-compose\elasticsearch\Dockerfile = docker-compose\elasticsearch\Dockerfile
	EndProjectSection
EndProject
Project("{2150E333-8FDC-42A3-9474-1A3956D46DE8}") = "config", "config", "{1EC41301-859B-468D-8E6B-AD6ACE478CED}"
	ProjectSection(SolutionItems) = preProject
		docker-compose\elasticsearch\config\elasticsearch.yml = docker-compose\elasticsearch\config\elasticsearch.yml
	EndProjectSection
EndProject
Project("{2150E333-8FDC-42A3-9474-1A3956D46DE8}") = "kibana", "kibana", "{3BC64B1A-17F9-488A-AD81-8311FF458040}"
	ProjectSection(SolutionItems) = preProject
		docker-compose\kibana\Dockerfile = docker-compose\kibana\Dockerfile
	EndProjectSection
EndProject
Project("{2150E333-8FDC-42A3-9474-1A3956D46DE8}") = "config", "config", "{DCA7D4E9-5D11-4CCF-8435-4AFB460771F2}"
	ProjectSection(SolutionItems) = preProject
		docker-compose\kibana\config\kibana.yml = docker-compose\kibana\config\kibana.yml
	EndProjectSection
EndProject
Project("{2150E333-8FDC-42A3-9474-1A3956D46DE8}") = "devops", "devops", "{AA30F281-2FF6-4418-8834-00F2746F6F24}"
EndProject
Project("{2150E333-8FDC-42A3-9474-1A3956D46DE8}") = "k8s", "k8s", "{9B5B57D0-6A30-4530-88FE-A3D994E45D30}"
EndProject
Project("{2150E333-8FDC-42A3-9474-1A3956D46DE8}") = "api", "api", "{77CCAA6D-989B-4093-8129-2176479B2578}"
	ProjectSection(SolutionItems) = preProject
		k8s\api\db-connection-config-map.yaml = k8s\api\db-connection-config-map.yaml
		k8s\api\clean-architecture-log-consumer-deployment.yaml = k8s\api\clean-architecture-log-consumer-deployment.yaml
		k8s\api\clean-architecture-grpc-deployment.yaml = k8s\api\clean-architecture-grpc-deployment.yaml
		k8s\api\clean-architecture-deployment.yaml = k8s\api\clean-architecture-deployment.yaml
		k8s\api\clean-architecture-configmap.yaml = k8s\api\clean-architecture-configmap.yaml
		k8s\api\db-connection-secret.yaml = k8s\api\db-connection-secret.yaml
	EndProjectSection
EndProject
Project("{2150E333-8FDC-42A3-9474-1A3956D46DE8}") = "consul", "consul", "{236E708B-4B56-4D9C-BBFB-F7700503B552}"
	ProjectSection(SolutionItems) = preProject
		k8s\consul\consul-deployment.yaml = k8s\consul\consul-deployment.yaml
	EndProjectSection
EndProject
Project("{2150E333-8FDC-42A3-9474-1A3956D46DE8}") = "db", "db", "{0E8BCE44-123A-4D95-BD35-6B2F3348FC47}"
	ProjectSection(SolutionItems) = preProject
		k8s\db\mssql-deployment.yaml = k8s\db\mssql-deployment.yaml
		k8s\db\mssql-pv.yaml = k8s\db\mssql-pv.yaml
	EndProjectSection
EndProject
Project("{2150E333-8FDC-42A3-9474-1A3956D46DE8}") = "elk", "elk", "{0D2D2E60-C4D3-45EB-A2C5-03EF090AAE35}"
	ProjectSection(SolutionItems) = preProject
		k8s\elk\elasticsearch-deployment.yaml = k8s\elk\elasticsearch-deployment.yaml
		k8s\elk\kibana-deployment.yaml = k8s\elk\kibana-deployment.yaml
	EndProjectSection
EndProject
Project("{2150E333-8FDC-42A3-9474-1A3956D46DE8}") = "jaeger", "jaeger", "{AF0DB904-125A-4DC5-8C3D-974826FD75B4}"
	ProjectSection(SolutionItems) = preProject
		k8s\jaeger\jaeger-deployment.yaml = k8s\jaeger\jaeger-deployment.yaml
	EndProjectSection
EndProject
Project("{2150E333-8FDC-42A3-9474-1A3956D46DE8}") = "rabbitmq", "rabbitmq", "{7934F24E-DD96-44E0-AC24-BBC8B1A143B4}"
	ProjectSection(SolutionItems) = preProject
		k8s\rabbitmq\rabbitmq.yaml = k8s\rabbitmq\rabbitmq.yaml
	EndProjectSection
EndProject
Project("{2150E333-8FDC-42A3-9474-1A3956D46DE8}") = "zipkin", "zipkin", "{C267093D-FB58-4ADA-A4F9-B2345ABC6FC4}"
	ProjectSection(SolutionItems) = preProject
		k8s\zipkin\zipkin-deployment.yaml = k8s\zipkin\zipkin-deployment.yaml
	EndProjectSection
EndProject
Project("{2150E333-8FDC-42A3-9474-1A3956D46DE8}") = "tests", "tests", "{E1769273-4B6F-4122-9A32-7C9D0798CC3B}"
EndProject
Project("{2150E333-8FDC-42A3-9474-1A3956D46DE8}") = "Core", "Core", "{9BA78DE0-FA27-4D4F-A418-22CC83F4FAEF}"
EndProject
Project("{9A19103F-16F7-4668-BE54-9A1E7A4F7556}") = "MinimalApiCleanArchitecture.Application.UnitTests", "tests\Core\MinimalApiCleanArchitecture.Application.UnitTests\MinimalApiCleanArchitecture.Application.UnitTests.csproj", "{1B3883FF-4F0C-4892-AAB9-65A277FE130B}"
EndProject
Project("{2150E333-8FDC-42A3-9474-1A3956D46DE8}") = "github", "github", "{C8B5F4CF-E113-40DF-A328-22770360AEB6}"
	ProjectSection(SolutionItems) = preProject
		.github\workflows\build.yml = .github\workflows\build.yml
	EndProjectSection
EndProject
Project("{2150E333-8FDC-42A3-9474-1A3956D46DE8}") = "Infrastructure", "Infrastructure", "{C69495A6-F076-4ECB-A467-DB96146EDDBF}"
EndProject
Project("{9A19103F-16F7-4668-BE54-9A1E7A4F7556}") = "MinimalApiCleanArchitecture.Infrastructure.UnitTests", "tests\Infrastructure\MinimalApiCleanArchitecture.Infrastructure.UnitTests\MinimalApiCleanArchitecture.Infrastructure.UnitTests.csproj", "{8BF68EC4-EFC9-47CD-A8C3-3B8027207F3E}"
EndProject
Project("{9A19103F-16F7-4668-BE54-9A1E7A4F7556}") = "MinimalApiCleanArchitecture.Persistence.UnitTest", "tests\Infrastructure\MinimalApiCleanArchitecture.Persistence.UnitTest\MinimalApiCleanArchitecture.Persistence.UnitTest.csproj", "{296B98C9-03C4-4ED2-9734-C589ADBB8C87}"
EndProject
Global
	GlobalSection(SolutionConfigurationPlatforms) = preSolution
		Debug|Any CPU = Debug|Any CPU
		Release|Any CPU = Release|Any CPU
	EndGlobalSection
	GlobalSection(ProjectConfigurationPlatforms) = postSolution
		{B4453FCA-2797-4183-A007-1CC0B713FBAC}.Debug|Any CPU.ActiveCfg = Debug|Any CPU
		{B4453FCA-2797-4183-A007-1CC0B713FBAC}.Debug|Any CPU.Build.0 = Debug|Any CPU
		{B4453FCA-2797-4183-A007-1CC0B713FBAC}.Release|Any CPU.ActiveCfg = Release|Any CPU
		{B4453FCA-2797-4183-A007-1CC0B713FBAC}.Release|Any CPU.Build.0 = Release|Any CPU
		{51B7922B-C2A1-4984-A8BC-4C66F57D2D80}.Debug|Any CPU.ActiveCfg = Debug|Any CPU
		{51B7922B-C2A1-4984-A8BC-4C66F57D2D80}.Debug|Any CPU.Build.0 = Debug|Any CPU
		{51B7922B-C2A1-4984-A8BC-4C66F57D2D80}.Release|Any CPU.ActiveCfg = Release|Any CPU
		{51B7922B-C2A1-4984-A8BC-4C66F57D2D80}.Release|Any CPU.Build.0 = Release|Any CPU
		{9D57B33B-BE65-439F-8D28-5296FCE0A725}.Debug|Any CPU.ActiveCfg = Debug|Any CPU
		{9D57B33B-BE65-439F-8D28-5296FCE0A725}.Debug|Any CPU.Build.0 = Debug|Any CPU
		{9D57B33B-BE65-439F-8D28-5296FCE0A725}.Release|Any CPU.ActiveCfg = Release|Any CPU
		{9D57B33B-BE65-439F-8D28-5296FCE0A725}.Release|Any CPU.Build.0 = Release|Any CPU
		{90996E6A-7DAF-4D6B-B7D9-00F01E2C5442}.Debug|Any CPU.ActiveCfg = Debug|Any CPU
		{90996E6A-7DAF-4D6B-B7D9-00F01E2C5442}.Debug|Any CPU.Build.0 = Debug|Any CPU
		{90996E6A-7DAF-4D6B-B7D9-00F01E2C5442}.Release|Any CPU.ActiveCfg = Release|Any CPU
		{90996E6A-7DAF-4D6B-B7D9-00F01E2C5442}.Release|Any CPU.Build.0 = Release|Any CPU
		{233BE4C3-D593-4FBC-8998-198B35717DE6}.Debug|Any CPU.ActiveCfg = Debug|Any CPU
		{233BE4C3-D593-4FBC-8998-198B35717DE6}.Debug|Any CPU.Build.0 = Debug|Any CPU
		{233BE4C3-D593-4FBC-8998-198B35717DE6}.Release|Any CPU.ActiveCfg = Release|Any CPU
		{233BE4C3-D593-4FBC-8998-198B35717DE6}.Release|Any CPU.Build.0 = Release|Any CPU
		{F4E27977-8FEF-4F28-8E16-78F3D62D73F2}.Debug|Any CPU.ActiveCfg = Debug|Any CPU
		{F4E27977-8FEF-4F28-8E16-78F3D62D73F2}.Debug|Any CPU.Build.0 = Debug|Any CPU
		{F4E27977-8FEF-4F28-8E16-78F3D62D73F2}.Release|Any CPU.ActiveCfg = Release|Any CPU
		{F4E27977-8FEF-4F28-8E16-78F3D62D73F2}.Release|Any CPU.Build.0 = Release|Any CPU
		{B5239E4B-E20C-4FF1-A371-EB466418CC52}.Debug|Any CPU.ActiveCfg = Debug|Any CPU
		{B5239E4B-E20C-4FF1-A371-EB466418CC52}.Debug|Any CPU.Build.0 = Debug|Any CPU
		{B5239E4B-E20C-4FF1-A371-EB466418CC52}.Release|Any CPU.ActiveCfg = Release|Any CPU
		{B5239E4B-E20C-4FF1-A371-EB466418CC52}.Release|Any CPU.Build.0 = Release|Any CPU
		{0BDCE23E-6EC9-4C23-A575-15C3CE61918E}.Debug|Any CPU.ActiveCfg = Debug|Any CPU
		{0BDCE23E-6EC9-4C23-A575-15C3CE61918E}.Debug|Any CPU.Build.0 = Debug|Any CPU
		{0BDCE23E-6EC9-4C23-A575-15C3CE61918E}.Release|Any CPU.ActiveCfg = Release|Any CPU
		{0BDCE23E-6EC9-4C23-A575-15C3CE61918E}.Release|Any CPU.Build.0 = Release|Any CPU
		{7E1421ED-FC83-413F-B4D4-5EEFCCCB060C}.Debug|Any CPU.ActiveCfg = Debug|Any CPU
		{7E1421ED-FC83-413F-B4D4-5EEFCCCB060C}.Debug|Any CPU.Build.0 = Debug|Any CPU
		{7E1421ED-FC83-413F-B4D4-5EEFCCCB060C}.Release|Any CPU.ActiveCfg = Release|Any CPU
		{7E1421ED-FC83-413F-B4D4-5EEFCCCB060C}.Release|Any CPU.Build.0 = Release|Any CPU
		{1B3883FF-4F0C-4892-AAB9-65A277FE130B}.Debug|Any CPU.ActiveCfg = Debug|Any CPU
		{1B3883FF-4F0C-4892-AAB9-65A277FE130B}.Debug|Any CPU.Build.0 = Debug|Any CPU
		{1B3883FF-4F0C-4892-AAB9-65A277FE130B}.Release|Any CPU.ActiveCfg = Release|Any CPU
		{1B3883FF-4F0C-4892-AAB9-65A277FE130B}.Release|Any CPU.Build.0 = Release|Any CPU
		{8BF68EC4-EFC9-47CD-A8C3-3B8027207F3E}.Debug|Any CPU.ActiveCfg = Debug|Any CPU
		{8BF68EC4-EFC9-47CD-A8C3-3B8027207F3E}.Debug|Any CPU.Build.0 = Debug|Any CPU
		{8BF68EC4-EFC9-47CD-A8C3-3B8027207F3E}.Release|Any CPU.ActiveCfg = Release|Any CPU
		{8BF68EC4-EFC9-47CD-A8C3-3B8027207F3E}.Release|Any CPU.Build.0 = Release|Any CPU
		{296B98C9-03C4-4ED2-9734-C589ADBB8C87}.Debug|Any CPU.ActiveCfg = Debug|Any CPU
		{296B98C9-03C4-4ED2-9734-C589ADBB8C87}.Debug|Any CPU.Build.0 = Debug|Any CPU
		{296B98C9-03C4-4ED2-9734-C589ADBB8C87}.Release|Any CPU.ActiveCfg = Release|Any CPU
		{296B98C9-03C4-4ED2-9734-C589ADBB8C87}.Release|Any CPU.Build.0 = Release|Any CPU
	EndGlobalSection
	GlobalSection(SolutionProperties) = preSolution
		HideSolutionNode = FALSE
	EndGlobalSection
	GlobalSection(NestedProjects) = preSolution
		{1067A738-17D7-4ECB-A231-84BB8FDFC8AC} = {06A7A8F7-2B7D-4E5F-9FD9-2B801576A2B5}
		{B4453FCA-2797-4183-A007-1CC0B713FBAC} = {1067A738-17D7-4ECB-A231-84BB8FDFC8AC}
		{51B7922B-C2A1-4984-A8BC-4C66F57D2D80} = {1067A738-17D7-4ECB-A231-84BB8FDFC8AC}
		{DE317884-DDDF-4E97-A2E2-F8BB3D0985C3} = {06A7A8F7-2B7D-4E5F-9FD9-2B801576A2B5}
		{5ED97BA6-A280-44A3-ADCA-790EE4A36FA3} = {06A7A8F7-2B7D-4E5F-9FD9-2B801576A2B5}
		{53865A78-327B-4DFB-9684-BF297B36087A} = {06A7A8F7-2B7D-4E5F-9FD9-2B801576A2B5}
		{FB011543-996C-4DE6-A4B3-55EA2309D0C2} = {06A7A8F7-2B7D-4E5F-9FD9-2B801576A2B5}
		{9D57B33B-BE65-439F-8D28-5296FCE0A725} = {DE317884-DDDF-4E97-A2E2-F8BB3D0985C3}
		{90996E6A-7DAF-4D6B-B7D9-00F01E2C5442} = {DE317884-DDDF-4E97-A2E2-F8BB3D0985C3}
		{233BE4C3-D593-4FBC-8998-198B35717DE6} = {53865A78-327B-4DFB-9684-BF297B36087A}
		{F4E27977-8FEF-4F28-8E16-78F3D62D73F2} = {53865A78-327B-4DFB-9684-BF297B36087A}
		{B5239E4B-E20C-4FF1-A371-EB466418CC52} = {FB011543-996C-4DE6-A4B3-55EA2309D0C2}
		{0BDCE23E-6EC9-4C23-A575-15C3CE61918E} = {FB011543-996C-4DE6-A4B3-55EA2309D0C2}
		{7E1421ED-FC83-413F-B4D4-5EEFCCCB060C} = {5ED97BA6-A280-44A3-ADCA-790EE4A36FA3}
		{9FE6958F-3CAA-4147-819B-1482D6669FA9} = {AA30F281-2FF6-4418-8834-00F2746F6F24}
		{14A0924E-EBF7-49B8-A0EF-EEE2CF6F3F1D} = {9FE6958F-3CAA-4147-819B-1482D6669FA9}
		{1EC41301-859B-468D-8E6B-AD6ACE478CED} = {14A0924E-EBF7-49B8-A0EF-EEE2CF6F3F1D}
		{3BC64B1A-17F9-488A-AD81-8311FF458040} = {9FE6958F-3CAA-4147-819B-1482D6669FA9}
		{DCA7D4E9-5D11-4CCF-8435-4AFB460771F2} = {3BC64B1A-17F9-488A-AD81-8311FF458040}
		{9B5B57D0-6A30-4530-88FE-A3D994E45D30} = {AA30F281-2FF6-4418-8834-00F2746F6F24}
		{77CCAA6D-989B-4093-8129-2176479B2578} = {9B5B57D0-6A30-4530-88FE-A3D994E45D30}
		{236E708B-4B56-4D9C-BBFB-F7700503B552} = {9B5B57D0-6A30-4530-88FE-A3D994E45D30}
		{0E8BCE44-123A-4D95-BD35-6B2F3348FC47} = {9B5B57D0-6A30-4530-88FE-A3D994E45D30}
		{0D2D2E60-C4D3-45EB-A2C5-03EF090AAE35} = {9B5B57D0-6A30-4530-88FE-A3D994E45D30}
		{AF0DB904-125A-4DC5-8C3D-974826FD75B4} = {9B5B57D0-6A30-4530-88FE-A3D994E45D30}
		{7934F24E-DD96-44E0-AC24-BBC8B1A143B4} = {9B5B57D0-6A30-4530-88FE-A3D994E45D30}
		{C267093D-FB58-4ADA-A4F9-B2345ABC6FC4} = {9B5B57D0-6A30-4530-88FE-A3D994E45D30}
		{9BA78DE0-FA27-4D4F-A418-22CC83F4FAEF} = {E1769273-4B6F-4122-9A32-7C9D0798CC3B}
		{1B3883FF-4F0C-4892-AAB9-65A277FE130B} = {9BA78DE0-FA27-4D4F-A418-22CC83F4FAEF}
		{C69495A6-F076-4ECB-A467-DB96146EDDBF} = {E1769273-4B6F-4122-9A32-7C9D0798CC3B}
		{8BF68EC4-EFC9-47CD-A8C3-3B8027207F3E} = {C69495A6-F076-4ECB-A467-DB96146EDDBF}
		{296B98C9-03C4-4ED2-9734-C589ADBB8C87} = {C69495A6-F076-4ECB-A467-DB96146EDDBF}
	EndGlobalSection
EndGlobal
